
Microsoft Visual Studio Solution File, Format Version 12.00
# Visual Studio Version 17
VisualStudioVersion = 17.9.34728.123
MinimumVisualStudioVersion = 10.0.40219.1
Project("{FAE04EC0-301F-11D3-BF4B-00C04F79EFBC}") = "clientGuiTrivia", "clientGuiTrivia.csproj", "{AE8D4137-58F5-43E7-9AF4-EE0606F36F01}"
EndProject
Global
	GlobalSection(SolutionConfigurationPlatforms) = preSolution
		Debug|Any CPU = Debug|Any CPU
		Release|Any CPU = Release|Any CPU
	EndGlobalSection
	GlobalSection(ProjectConfigurationPlatforms) = postSolution
		{AE8D4137-58F5-43E7-9AF4-EE0606F36F01}.Debug|Any CPU.ActiveCfg = Debug|Any CPU
		{AE8D4137-58F5-43E7-9AF4-EE0606F36F01}.Debug|Any CPU.Build.0 = Debug|Any CPU
		{AE8D4137-58F5-43E7-9AF4-EE0606F36F01}.Release|Any CPU.ActiveCfg = Release|Any CPU
		{AE8D4137-58F5-43E7-9AF4-EE0606F36F01}.Release|Any CPU.Build.0 = Release|Any CPU
	EndGlobalSection
	GlobalSection(SolutionProperties) = preSolution
		HideSolutionNode = FALSE
	EndGlobalSection
	GlobalSection(ExtensibilityGlobals) = postSolution
		SolutionGuid = {D00AA344-23E5-4B97-8DF6-89D6FBF6D0DF}
	EndGlobalSection
EndGlobal
